
Microsoft Visual Studio Solution File, Format Version 12.00
# Visual Studio Version 17
VisualStudioVersion = 17.0.31903.59
MinimumVisualStudioVersion = 10.0.40219.1
Project("{2150E333-8FDC-42A3-9474-1A3956D46DE8}") = "tools", "tools", "{07C2787E-EAC7-C090-1BA3-A61EC2A24D84}"
EndProject
Project("{FAE04EC0-301F-11D3-BF4B-00C04F79EFBC}") = "BoardTrace.Probe", "tools\BoardTrace.Probe\BoardTrace.Probe.csproj", "{DCAD6B87-A0D8-4817-99B9-87C2435DB98A}"
EndProject
Project("{2150E333-8FDC-42A3-9474-1A3956D46DE8}") = "src", "src", "{827E0CD3-B72D-47B6-A68D-7590B98EB39B}"
EndProject
Project("{FAE04EC0-301F-11D3-BF4B-00C04F79EFBC}") = "BoardTrace.Vision", "src\BoardTrace.Vision\BoardTrace.Vision.csproj", "{65F9B7AC-DF8D-4775-8D88-CFE231A26DBC}"
EndProject
Project("{FAE04EC0-301F-11D3-BF4B-00C04F79EFBC}") = "BoardTrace.Evaluate", "tools\BoardTrace.Evaluate\BoardTrace.Evaluate.csproj", "{C98D0B33-C68B-4ED5-AD58-20F44ABCD7E2}"
EndProject
Project("{2150E333-8FDC-42A3-9474-1A3956D46DE8}") = "tests", "tests", "{0AB3BF05-4346-4AA6-1389-037BE0695223}"
EndProject
Project("{FAE04EC0-301F-11D3-BF4B-00C04F79EFBC}") = "BoardTrace.Vision.Tests", "tests\BoardTrace.Vision.Tests\BoardTrace.Vision.Tests.csproj", "{EB0ACCC1-9D30-4A22-885A-7E212E81971E}"
EndProject
Project("{FAE04EC0-301F-11D3-BF4B-00C04F79EFBC}") = "BoardTrace.Contracts", "src\BoardTrace.Contracts\BoardTrace.Contracts.csproj", "{DF512865-7315-44DC-B40C-E5DB23A049DE}"
EndProject
Project("{FAE04EC0-301F-11D3-BF4B-00C04F79EFBC}") = "BoardTrace.Station.Core", "src\BoardTrace.Station.Core\BoardTrace.Station.Core.csproj", "{FE5201FC-458A-43E4-AF3B-A5138298C25A}"
EndProject
Project("{FAE04EC0-301F-11D3-BF4B-00C04F79EFBC}") = "BoardTrace.Station.Tests", "tests\BoardTrace.Station.Tests\BoardTrace.Station.Tests.csproj", "{4941BF85-9DC2-47EF-B40B-38C8DF531685}"
EndProject
Project("{FAE04EC0-301F-11D3-BF4B-00C04F79EFBC}") = "BoardTrace.Station", "src\BoardTrace.Station\BoardTrace.Station.csproj", "{0C00D100-F193-4356-BDCF-7FA3121E966E}"
EndProject
Project("{FAE04EC0-301F-11D3-BF4B-00C04F79EFBC}") = "BoardTrace.Station.Smoke", "tools\BoardTrace.Station.Smoke\BoardTrace.Station.Smoke.csproj", "{54DC198C-19ED-47E2-8D4A-B01CE006736C}"
EndProject
Project("{FAE04EC0-301F-11D3-BF4B-00C04F79EFBC}") = "BoardTrace.Server", "src\BoardTrace.Server\BoardTrace.Server.csproj", "{3C9E5520-3214-4D4E-A185-E606AD772507}"
EndProject
Project("{FAE04EC0-301F-11D3-BF4B-00C04F79EFBC}") = "BoardTrace.Server.Tests", "tests\BoardTrace.Server.Tests\BoardTrace.Server.Tests.csproj", "{1C996678-8FD7-4F51-BAA2-E32A44648DFF}"
EndProject
Project("{FAE04EC0-301F-11D3-BF4B-00C04F79EFBC}") = "BoardTrace.Plc.Probe", "tools\BoardTrace.Plc.Probe\BoardTrace.Plc.Probe.csproj", "{98F05FC8-E7D4-4F8B-BB03-CC6EE736C950}"
EndProject
Global
	GlobalSection(SolutionConfigurationPlatforms) = preSolution
		Debug|Any CPU = Debug|Any CPU
		Debug|x64 = Debug|x64
		Debug|x86 = Debug|x86
		Release|Any CPU = Release|Any CPU
		Release|x64 = Release|x64
		Release|x86 = Release|x86
	EndGlobalSection
	GlobalSection(ProjectConfigurationPlatforms) = postSolution
		{DCAD6B87-A0D8-4817-99B9-87C2435DB98A}.Debug|Any CPU.ActiveCfg = Debug|Any CPU
		{DCAD6B87-A0D8-4817-99B9-87C2435DB98A}.Debug|Any CPU.Build.0 = Debug|Any CPU
		{DCAD6B87-A0D8-4817-99B9-87C2435DB98A}.Debug|x64.ActiveCfg = Debug|Any CPU
		{DCAD6B87-A0D8-4817-99B9-87C2435DB98A}.Debug|x64.Build.0 = Debug|Any CPU
		{DCAD6B87-A0D8-4817-99B9-87C2435DB98A}.Debug|x86.ActiveCfg = Debug|Any CPU
		{DCAD6B87-A0D8-4817-99B9-87C2435DB98A}.Debug|x86.Build.0 = Debug|Any CPU
		{DCAD6B87-A0D8-4817-99B9-87C2435DB98A}.Release|Any CPU.ActiveCfg = Release|Any CPU
		{DCAD6B87-A0D8-4817-99B9-87C2435DB98A}.Release|Any CPU.Build.0 = Release|Any CPU
		{DCAD6B87-A0D8-4817-99B9-87C2435DB98A}.Release|x64.ActiveCfg = Release|Any CPU
		{DCAD6B87-A0D8-4817-99B9-87C2435DB98A}.Release|x64.Build.0 = Release|Any CPU
		{DCAD6B87-A0D8-4817-99B9-87C2435DB98A}.Release|x86.ActiveCfg = Release|Any CPU
		{DCAD6B87-A0D8-4817-99B9-87C2435DB98A}.Release|x86.Build.0 = Release|Any CPU
		{65F9B7AC-DF8D-4775-8D88-CFE231A26DBC}.Debug|Any CPU.ActiveCfg = Debug|Any CPU
		{65F9B7AC-DF8D-4775-8D88-CFE231A26DBC}.Debug|Any CPU.Build.0 = Debug|Any CPU
		{65F9B7AC-DF8D-4775-8D88-CFE231A26DBC}.Debug|x64.ActiveCfg = Debug|Any CPU
		{65F9B7AC-DF8D-4775-8D88-CFE231A26DBC}.Debug|x64.Build.0 = Debug|Any CPU
		{65F9B7AC-DF8D-4775-8D88-CFE231A26DBC}.Debug|x86.ActiveCfg = Debug|Any CPU
		{65F9B7AC-DF8D-4775-8D88-CFE231A26DBC}.Debug|x86.Build.0 = Debug|Any CPU
		{65F9B7AC-DF8D-4775-8D88-CFE231A26DBC}.Release|Any CPU.ActiveCfg = Release|Any CPU
		{65F9B7AC-DF8D-4775-8D88-CFE231A26DBC}.Release|Any CPU.Build.0 = Release|Any CPU
		{65F9B7AC-DF8D-4775-8D88-CFE231A26DBC}.Release|x64.ActiveCfg = Release|Any CPU
		{65F9B7AC-DF8D-4775-8D88-CFE231A26DBC}.Release|x64.Build.0 = Release|Any CPU
		{65F9B7AC-DF8D-4775-8D88-CFE231A26DBC}.Release|x86.ActiveCfg = Release|Any CPU
		{65F9B7AC-DF8D-4775-8D88-CFE231A26DBC}.Release|x86.Build.0 = Release|Any CPU
		{C98D0B33-C68B-4ED5-AD58-20F44ABCD7E2}.Debug|Any CPU.ActiveCfg = Debug|Any CPU
		{C98D0B33-C68B-4ED5-AD58-20F44ABCD7E2}.Debug|Any CPU.Build.0 = Debug|Any CPU
		{C98D0B33-C68B-4ED5-AD58-20F44ABCD7E2}.Debug|x64.ActiveCfg = Debug|Any CPU
		{C98D0B33-C68B-4ED5-AD58-20F44ABCD7E2}.Debug|x64.Build.0 = Debug|Any CPU
		{C98D0B33-C68B-4ED5-AD58-20F44ABCD7E2}.Debug|x86.ActiveCfg = Debug|Any CPU
		{C98D0B33-C68B-4ED5-AD58-20F44ABCD7E2}.Debug|x86.Build.0 = Debug|Any CPU
		{C98D0B33-C68B-4ED5-AD58-20F44ABCD7E2}.Release|Any CPU.ActiveCfg = Release|Any CPU
		{C98D0B33-C68B-4ED5-AD58-20F44ABCD7E2}.Release|Any CPU.Build.0 = Release|Any CPU
		{C98D0B33-C68B-4ED5-AD58-20F44ABCD7E2}.Release|x64.ActiveCfg = Release|Any CPU
		{C98D0B33-C68B-4ED5-AD58-20F44ABCD7E2}.Release|x64.Build.0 = Release|Any CPU
		{C98D0B33-C68B-4ED5-AD58-20F44ABCD7E2}.Release|x86.ActiveCfg = Release|Any CPU
		{C98D0B33-C68B-4ED5-AD58-20F44ABCD7E2}.Release|x86.Build.0 = Release|Any CPU
		{EB0ACCC1-9D30-4A22-885A-7E212E81971E}.Debug|Any CPU.ActiveCfg = Debug|Any CPU
		{EB0ACCC1-9D30-4A22-885A-7E212E81971E}.Debug|Any CPU.Build.0 = Debug|Any CPU
		{EB0ACCC1-9D30-4A22-885A-7E212E81971E}.Debug|x64.ActiveCfg = Debug|Any CPU
		{EB0ACCC1-9D30-4A22-885A-7E212E81971E}.Debug|x64.Build.0 = Debug|Any CPU
		{EB0ACCC1-9D30-4A22-885A-7E212E81971E}.Debug|x86.ActiveCfg = Debug|Any CPU
		{EB0ACCC1-9D30-4A22-885A-7E212E81971E}.Debug|x86.Build.0 = Debug|Any CPU
		{EB0ACCC1-9D30-4A22-885A-7E212E81971E}.Release|Any CPU.ActiveCfg = Release|Any CPU
		{EB0ACCC1-9D30-4A22-885A-7E212E81971E}.Release|Any CPU.Build.0 = Release|Any CPU
		{EB0ACCC1-9D30-4A22-885A-7E212E81971E}.Release|x64.ActiveCfg = Release|Any CPU
		{EB0ACCC1-9D30-4A22-885A-7E212E81971E}.Release|x64.Build.0 = Release|Any CPU
		{EB0ACCC1-9D30-4A22-885A-7E212E81971E}.Release|x86.ActiveCfg = Release|Any CPU
		{EB0ACCC1-9D30-4A22-885A-7E212E81971E}.Release|x86.Build.0 = Release|Any CPU
		{DF512865-7315-44DC-B40C-E5DB23A049DE}.Debug|Any CPU.ActiveCfg = Debug|Any CPU
		{DF512865-7315-44DC-B40C-E5DB23A049DE}.Debug|Any CPU.Build.0 = Debug|Any CPU
		{DF512865-7315-44DC-B40C-E5DB23A049DE}.Debug|x64.ActiveCfg = Debug|Any CPU
		{DF512865-7315-44DC-B40C-E5DB23A049DE}.Debug|x64.Build.0 = Debug|Any CPU
		{DF512865-7315-44DC-B40C-E5DB23A049DE}.Debug|x86.ActiveCfg = Debug|Any CPU
		{DF512865-7315-44DC-B40C-E5DB23A049DE}.Debug|x86.Build.0 = Debug|Any CPU
		{DF512865-7315-44DC-B40C-E5DB23A049DE}.Release|Any CPU.ActiveCfg = Release|Any CPU
		{DF512865-7315-44DC-B40C-E5DB23A049DE}.Release|Any CPU.Build.0 = Release|Any CPU
		{DF512865-7315-44DC-B40C-E5DB23A049DE}.Release|x64.ActiveCfg = Release|Any CPU
		{DF512865-7315-44DC-B40C-E5DB23A049DE}.Release|x64.Build.0 = Release|Any CPU
		{DF512865-7315-44DC-B40C-E5DB23A049DE}.Release|x86.ActiveCfg = Release|Any CPU
		{DF512865-7315-44DC-B40C-E5DB23A049DE}.Release|x86.Build.0 = Release|Any CPU
		{FE5201FC-458A-43E4-AF3B-A5138298C25A}.Debug|Any CPU.ActiveCfg = Debug|Any CPU
		{FE5201FC-458A-43E4-AF3B-A5138298C25A}.Debug|Any CPU.Build.0 = Debug|Any CPU
		{FE5201FC-458A-43E4-AF3B-A5138298C25A}.Debug|x64.ActiveCfg = Debug|Any CPU
		{FE5201FC-458A-43E4-AF3B-A5138298C25A}.Debug|x64.Build.0 = Debug|Any CPU
		{FE5201FC-458A-43E4-AF3B-A5138298C25A}.Debug|x86.ActiveCfg = Debug|Any CPU
		{FE5201FC-458A-43E4-AF3B-A5138298C25A}.Debug|x86.Build.0 = Debug|Any CPU
		{FE5201FC-458A-43E4-AF3B-A5138298C25A}.Release|Any CPU.ActiveCfg = Release|Any CPU
		{FE5201FC-458A-43E4-AF3B-A5138298C25A}.Release|Any CPU.Build.0 = Release|Any CPU
		{FE5201FC-458A-43E4-AF3B-A5138298C25A}.Release|x64.ActiveCfg = Release|Any CPU
		{FE5201FC-458A-43E4-AF3B-A5138298C25A}.Release|x64.Build.0 = Release|Any CPU
		{FE5201FC-458A-43E4-AF3B-A5138298C25A}.Release|x86.ActiveCfg = Release|Any CPU
		{FE5201FC-458A-43E4-AF3B-A5138298C25A}.Release|x86.Build.0 = Release|Any CPU
		{4941BF85-9DC2-47EF-B40B-38C8DF531685}.Debug|Any CPU.ActiveCfg = Debug|Any CPU
		{4941BF85-9DC2-47EF-B40B-38C8DF531685}.Debug|Any CPU.Build.0 = Debug|Any CPU
		{4941BF85-9DC2-47EF-B40B-38C8DF531685}.Debug|x64.ActiveCfg = Debug|Any CPU
		{4941BF85-9DC2-47EF-B40B-38C8DF531685}.Debug|x64.Build.0 = Debug|Any CPU
		{4941BF85-9DC2-47EF-B40B-38C8DF531685}.Debug|x86.ActiveCfg = Debug|Any CPU
		{4941BF85-9DC2-47EF-B40B-38C8DF531685}.Debug|x86.Build.0 = Debug|Any CPU
		{4941BF85-9DC2-47EF-B40B-38C8DF531685}.Release|Any CPU.ActiveCfg = Release|Any CPU
		{4941BF85-9DC2-47EF-B40B-38C8DF531685}.Release|Any CPU.Build.0 = Release|Any CPU
		{4941BF85-9DC2-47EF-B40B-38C8DF531685}.Release|x64.ActiveCfg = Release|Any CPU
		{4941BF85-9DC2-47EF-B40B-38C8DF531685}.Release|x64.Build.0 = Release|Any CPU
		{4941BF85-9DC2-47EF-B40B-38C8DF531685}.Release|x86.ActiveCfg = Release|Any CPU
		{4941BF85-9DC2-47EF-B40B-38C8DF531685}.Release|x86.Build.0 = Release|Any CPU
		{0C00D100-F193-4356-BDCF-7FA3121E966E}.Debug|Any CPU.ActiveCfg = Debug|Any CPU
		{0C00D100-F193-4356-BDCF-7FA3121E966E}.Debug|Any CPU.Build.0 = Debug|Any CPU
		{0C00D100-F193-4356-BDCF-7FA3121E966E}.Debug|x64.ActiveCfg = Debug|Any CPU
		{0C00D100-F193-4356-BDCF-7FA3121E966E}.Debug|x64.Build.0 = Debug|Any CPU
		{0C00D100-F193-4356-BDCF-7FA3121E966E}.Debug|x86.ActiveCfg = Debug|Any CPU
		{0C00D100-F193-4356-BDCF-7FA3121E966E}.Debug|x86.Build.0 = Debug|Any CPU
		{0C00D100-F193-4356-BDCF-7FA3121E966E}.Release|Any CPU.ActiveCfg = Release|Any CPU
		{0C00D100-F193-4356-BDCF-7FA3121E966E}.Release|Any CPU.Build.0 = Release|Any CPU
		{0C00D100-F193-4356-BDCF-7FA3121E966E}.Release|x64.ActiveCfg = Release|Any CPU
		{0C00D100-F193-4356-BDCF-7FA3121E966E}.Release|x64.Build.0 = Release|Any CPU
		{0C00D100-F193-4356-BDCF-7FA3121E966E}.Release|x86.ActiveCfg = Release|Any CPU
		{0C00D100-F193-4356-BDCF-7FA3121E966E}.Release|x86.Build.0 = Release|Any CPU
		{54DC198C-19ED-47E2-8D4A-B01CE006736C}.Debug|Any CPU.ActiveCfg = Debug|Any CPU
		{54DC198C-19ED-47E2-8D4A-B01CE006736C}.Debug|Any CPU.Build.0 = Debug|Any CPU
		{54DC198C-19ED-47E2-8D4A-B01CE006736C}.Debug|x64.ActiveCfg = Debug|Any CPU
		{54DC198C-19ED-47E2-8D4A-B01CE006736C}.Debug|x64.Build.0 = Debug|Any CPU
		{54DC198C-19ED-47E2-8D4A-B01CE006736C}.Debug|x86.ActiveCfg = Debug|Any CPU
		{54DC198C-19ED-47E2-8D4A-B01CE006736C}.Debug|x86.Build.0 = Debug|Any CPU
		{54DC198C-19ED-47E2-8D4A-B01CE006736C}.Release|Any CPU.ActiveCfg = Release|Any CPU
		{54DC198C-19ED-47E2-8D4A-B01CE006736C}.Release|Any CPU.Build.0 = Release|Any CPU
		{54DC198C-19ED-47E2-8D4A-B01CE006736C}.Release|x64.ActiveCfg = Release|Any CPU
		{54DC198C-19ED-47E2-8D4A-B01CE006736C}.Release|x64.Build.0 = Release|Any CPU
		{54DC198C-19ED-47E2-8D4A-B01CE006736C}.Release|x86.ActiveCfg = Release|Any CPU
		{54DC198C-19ED-47E2-8D4A-B01CE006736C}.Release|x86.Build.0 = Release|Any CPU
		{3C9E5520-3214-4D4E-A185-E606AD772507}.Debug|Any CPU.ActiveCfg = Debug|Any CPU
		{3C9E5520-3214-4D4E-A185-E606AD772507}.Debug|Any CPU.Build.0 = Debug|Any CPU
		{3C9E5520-3214-4D4E-A185-E606AD772507}.Debug|x64.ActiveCfg = Debug|Any CPU
		{3C9E5520-3214-4D4E-A185-E606AD772507}.Debug|x64.Build.0 = Debug|Any CPU
		{3C9E5520-3214-4D4E-A185-E606AD772507}.Debug|x86.ActiveCfg = Debug|Any CPU
		{3C9E5520-3214-4D4E-A185-E606AD772507}.Debug|x86.Build.0 = Debug|Any CPU
		{3C9E5520-3214-4D4E-A185-E606AD772507}.Release|Any CPU.ActiveCfg = Release|Any CPU
		{3C9E5520-3214-4D4E-A185-E606AD772507}.Release|Any CPU.Build.0 = Release|Any CPU
		{3C9E5520-3214-4D4E-A185-E606AD772507}.Release|x64.ActiveCfg = Release|Any CPU
		{3C9E5520-3214-4D4E-A185-E606AD772507}.Release|x64.Build.0 = Release|Any CPU
		{3C9E5520-3214-4D4E-A185-E606AD772507}.Release|x86.ActiveCfg = Release|Any CPU
		{3C9E5520-3214-4D4E-A185-E606AD772507}.Release|x86.Build.0 = Release|Any CPU
		{1C996678-8FD7-4F51-BAA2-E32A44648DFF}.Debug|Any CPU.ActiveCfg = Debug|Any CPU
		{1C996678-8FD7-4F51-BAA2-E32A44648DFF}.Debug|Any CPU.Build.0 = Debug|Any CPU
		{1C996678-8FD7-4F51-BAA2-E32A44648DFF}.Debug|x64.ActiveCfg = Debug|Any CPU
		{1C996678-8FD7-4F51-BAA2-E32A44648DFF}.Debug|x64.Build.0 = Debug|Any CPU
		{1C996678-8FD7-4F51-BAA2-E32A44648DFF}.Debug|x86.ActiveCfg = Debug|Any CPU
		{1C996678-8FD7-4F51-BAA2-E32A44648DFF}.Debug|x86.Build.0 = Debug|Any CPU
		{1C996678-8FD7-4F51-BAA2-E32A44648DFF}.Release|Any CPU.ActiveCfg = Release|Any CPU
		{1C996678-8FD7-4F51-BAA2-E32A44648DFF}.Release|Any CPU.Build.0 = Release|Any CPU
		{1C996678-8FD7-4F51-BAA2-E32A44648DFF}.Release|x64.ActiveCfg = Release|Any CPU
		{1C996678-8FD7-4F51-BAA2-E32A44648DFF}.Release|x64.Build.0 = Release|Any CPU
		{1C996678-8FD7-4F51-BAA2-E32A44648DFF}.Release|x86.ActiveCfg = Release|Any CPU
		{1C996678-8FD7-4F51-BAA2-E32A44648DFF}.Release|x86.Build.0 = Release|Any CPU
		{98F05FC8-E7D4-4F8B-BB03-CC6EE736C950}.Debug|Any CPU.ActiveCfg = Debug|Any CPU
		{98F05FC8-E7D4-4F8B-BB03-CC6EE736C950}.Debug|Any CPU.Build.0 = Debug|Any CPU
		{98F05FC8-E7D4-4F8B-BB03-CC6EE736C950}.Debug|x64.ActiveCfg = Debug|Any CPU
		{98F05FC8-E7D4-4F8B-BB03-CC6EE736C950}.Debug|x64.Build.0 = Debug|Any CPU
		{98F05FC8-E7D4-4F8B-BB03-CC6EE736C950}.Debug|x86.ActiveCfg = Debug|Any CPU
		{98F05FC8-E7D4-4F8B-BB03-CC6EE736C950}.Debug|x86.Build.0 = Debug|Any CPU
		{98F05FC8-E7D4-4F8B-BB03-CC6EE736C950}.Release|Any CPU.ActiveCfg = Release|Any CPU
		{98F05FC8-E7D4-4F8B-BB03-CC6EE736C950}.Release|Any CPU.Build.0 = Release|Any CPU
		{98F05FC8-E7D4-4F8B-BB03-CC6EE736C950}.Release|x64.ActiveCfg = Release|Any CPU
		{98F05FC8-E7D4-4F8B-BB03-CC6EE736C950}.Release|x64.Build.0 = Release|Any CPU
		{98F05FC8-E7D4-4F8B-BB03-CC6EE736C950}.Release|x86.ActiveCfg = Release|Any CPU
		{98F05FC8-E7D4-4F8B-BB03-CC6EE736C950}.Release|x86.Build.0 = Release|Any CPU
	EndGlobalSection
	GlobalSection(SolutionProperties) = preSolution
		HideSolutionNode = FALSE
	EndGlobalSection
	GlobalSection(NestedProjects) = preSolution
		{DCAD6B87-A0D8-4817-99B9-87C2435DB98A} = {07C2787E-EAC7-C090-1BA3-A61EC2A24D84}
		{65F9B7AC-DF8D-4775-8D88-CFE231A26DBC} = {827E0CD3-B72D-47B6-A68D-7590B98EB39B}
		{C98D0B33-C68B-4ED5-AD58-20F44ABCD7E2} = {07C2787E-EAC7-C090-1BA3-A61EC2A24D84}
		{EB0ACCC1-9D30-4A22-885A-7E212E81971E} = {0AB3BF05-4346-4AA6-1389-037BE0695223}
		{DF512865-7315-44DC-B40C-E5DB23A049DE} = {827E0CD3-B72D-47B6-A68D-7590B98EB39B}
		{FE5201FC-458A-43E4-AF3B-A5138298C25A} = {827E0CD3-B72D-47B6-A68D-7590B98EB39B}
		{4941BF85-9DC2-47EF-B40B-38C8DF531685} = {0AB3BF05-4346-4AA6-1389-037BE0695223}
		{0C00D100-F193-4356-BDCF-7FA3121E966E} = {827E0CD3-B72D-47B6-A68D-7590B98EB39B}
		{54DC198C-19ED-47E2-8D4A-B01CE006736C} = {07C2787E-EAC7-C090-1BA3-A61EC2A24D84}
		{3C9E5520-3214-4D4E-A185-E606AD772507} = {827E0CD3-B72D-47B6-A68D-7590B98EB39B}
		{1C996678-8FD7-4F51-BAA2-E32A44648DFF} = {0AB3BF05-4346-4AA6-1389-037BE0695223}
		{98F05FC8-E7D4-4F8B-BB03-CC6EE736C950} = {07C2787E-EAC7-C090-1BA3-A61EC2A24D84}
	EndGlobalSection
EndGlobal
